
Microsoft Visual Studio Solution File, Format Version 12.00
# Visual Studio Version 16
VisualStudioVersion = 16.0.32510.428
MinimumVisualStudioVersion = 10.0.40219.1
Project("{8BC9CEB8-8B4A-11D0-8D11-00A0C91BC942}") = "Level1_001", "Level1_001\Level1_001.vcxproj", "{6B0CAB49-116E-4715-AEC8-B79B62B3554A}"
EndProject
Project("{8BC9CEB8-8B4A-11D0-8D11-00A0C91BC942}") = "Level1_002", "Level1_002\Level1_002.vcxproj", "{3D283F0B-3D02-4353-B77C-CC945B3701C7}"
EndProject
Project("{8BC9CEB8-8B4A-11D0-8D11-00A0C91BC942}") = "Level1_003", "Level1_003\Level1_003.vcxproj", "{A9E37FC0-81D9-4915-8831-2601D08A1DBD}"
EndProject
Project("{8BC9CEB8-8B4A-11D0-8D11-00A0C91BC942}") = "Level1_004", "Level1_004\Level1_004.vcxproj", "{BC6358A1-A98D-485A-9C75-4FFAEF66E156}"
EndProject
Project("{8BC9CEB8-8B4A-11D0-8D11-00A0C91BC942}") = "Level1_005", "Level1_005\Level1_005.vcxproj", "{AD402302-8C4E-480D-A565-3141C543CC58}"
EndProject
Project("{8BC9CEB8-8B4A-11D0-8D11-00A0C91BC942}") = "Level1_006", "Level1_006\Level1_006.vcxproj", "{21DEE820-B189-4F2E-8FDE-F97F1D18C791}"
EndProject
Project("{8BC9CEB8-8B4A-11D0-8D11-00A0C91BC942}") = "Level1_007", "Level1_007\Level1_007.vcxproj", "{243FCD66-B3C4-453E-B6A0-C4689485F267}"
EndProject
Project("{8BC9CEB8-8B4A-11D0-8D11-00A0C91BC942}") = "Level1_008", "Level1_008\Level1_008.vcxproj", "{E4FE3E6F-B94B-465B-B83B-0F547656DD32}"
EndProject
Project("{8BC9CEB8-8B4A-11D0-8D11-00A0C91BC942}") = "Level1_009", "Level1_009\Level1_009.vcxproj", "{84DDD277-A698-496B-B704-F6DAE71A8F61}"
EndProject
Project("{8BC9CEB8-8B4A-11D0-8D11-00A0C91BC942}") = "Level1_010", "Level1_010\Level1_010.vcxproj", "{2DCAB4E9-C737-4B6E-9E65-FB6F01F78E0B}"
EndProject
Project("{8BC9CEB8-8B4A-11D0-8D11-00A0C91BC942}") = "Level1_011", "Level1_011\Level1_011.vcxproj", "{EDDACF81-942A-4572-B247-8895CB91B491}"
EndProject
Project("{2150E333-8FDC-42A3-9474-1A3956D46DE8}") = "Level1", "Level1", "{7AA31BD8-9392-4C99-9281-44357607F78F}"
EndProject
Project("{8BC9CEB8-8B4A-11D0-8D11-00A0C91BC942}") = "Level1_012", "Level1_012\Level1_012.vcxproj", "{707FF316-9B84-4A1A-8E7C-DADDEC7D04F6}"
EndProject
Global
	GlobalSection(SolutionConfigurationPlatforms) = preSolution
		Debug|x64 = Debug|x64
		Debug|x86 = Debug|x86
		Release|x64 = Release|x64
		Release|x86 = Release|x86
	EndGlobalSection
	GlobalSection(ProjectConfigurationPlatforms) = postSolution
		{6B0CAB49-116E-4715-AEC8-B79B62B3554A}.Debug|x64.ActiveCfg = Debug|x64
		{6B0CAB49-116E-4715-AEC8-B79B62B3554A}.Debug|x64.Build.0 = Debug|x64
		{6B0CAB49-116E-4715-AEC8-B79B62B3554A}.Debug|x86.ActiveCfg = Debug|Win32
		{6B0CAB49-116E-4715-AEC8-B79B62B3554A}.Debug|x86.Build.0 = Debug|Win32
		{6B0CAB49-116E-4715-AEC8-B79B62B3554A}.Release|x64.ActiveCfg = Release|x64
		{6B0CAB49-116E-4715-AEC8-B79B62B3554A}.Release|x64.Build.0 = Release|x64
		{6B0CAB49-116E-4715-AEC8-B79B62B3554A}.Release|x86.ActiveCfg = Release|Win32
		{6B0CAB49-116E-4715-AEC8-B79B62B3554A}.Release|x86.Build.0 = Release|Win32
		{3D283F0B-3D02-4353-B77C-CC945B3701C7}.Debug|x64.ActiveCfg = Debug|x64
		{3D283F0B-3D02-4353-B77C-CC945B3701C7}.Debug|x64.Build.0 = Debug|x64
		{3D283F0B-3D02-4353-B77C-CC945B3701C7}.Debug|x86.ActiveCfg = Debug|Win32
		{3D283F0B-3D02-4353-B77C-CC945B3701C7}.Debug|x86.Build.0 = Debug|Win32
		{3D283F0B-3D02-4353-B77C-CC945B3701C7}.Release|x64.ActiveCfg = Release|x64
		{3D283F0B-3D02-4353-B77C-CC945B3701C7}.Release|x64.Build.0 = Release|x64
		{3D283F0B-3D02-4353-B77C-CC945B3701C7}.Release|x86.ActiveCfg = Release|Win32
		{3D283F0B-3D02-4353-B77C-CC945B3701C7}.Release|x86.Build.0 = Release|Win32
		{A9E37FC0-81D9-4915-8831-2601D08A1DBD}.Debug|x64.ActiveCfg = Debug|x64
		{A9E37FC0-81D9-4915-8831-2601D08A1DBD}.Debug|x64.Build.0 = Debug|x64
		{A9E37FC0-81D9-4915-8831-2601D08A1DBD}.Debug|x86.ActiveCfg = Debug|Win32
		{A9E37FC0-81D9-4915-8831-2601D08A1DBD}.Debug|x86.Build.0 = Debug|Win32
		{A9E37FC0-81D9-4915-8831-2601D08A1DBD}.Release|x64.ActiveCfg = Release|x64
		{A9E37FC0-81D9-4915-8831-2601D08A1DBD}.Release|x64.Build.0 = Release|x64
		{A9E37FC0-81D9-4915-8831-2601D08A1DBD}.Release|x86.ActiveCfg = Release|Win32
		{A9E37FC0-81D9-4915-8831-2601D08A1DBD}.Release|x86.Build.0 = Release|Win32
		{BC6358A1-A98D-485A-9C75-4FFAEF66E156}.Debug|x64.ActiveCfg = Debug|x64
		{BC6358A1-A98D-485A-9C75-4FFAEF66E156}.Debug|x64.Build.0 = Debug|x64
		{BC6358A1-A98D-485A-9C75-4FFAEF66E156}.Debug|x86.ActiveCfg = Debug|Win32
		{BC6358A1-A98D-485A-9C75-4FFAEF66E156}.Debug|x86.Build.0 = Debug|Win32
		{BC6358A1-A98D-485A-9C75-4FFAEF66E156}.Release|x64.ActiveCfg = Release|x64
		{BC6358A1-A98D-485A-9C75-4FFAEF66E156}.Release|x64.Build.0 = Release|x64
		{BC6358A1-A98D-485A-9C75-4FFAEF66E156}.Release|x86.ActiveCfg = Release|Win32
		{BC6358A1-A98D-485A-9C75-4FFAEF66E156}.Release|x86.Build.0 = Release|Win32
		{AD402302-8C4E-480D-A565-3141C543CC58}.Debug|x64.ActiveCfg = Debug|x64
		{AD402302-8C4E-480D-A565-3141C543CC58}.Debug|x64.Build.0 = Debug|x64
		{AD402302-8C4E-480D-A565-3141C543CC58}.Debug|x86.ActiveCfg = Debug|Win32
		{AD402302-8C4E-480D-A565-3141C543CC58}.Debug|x86.Build.0 = Debug|Win32
		{AD402302-8C4E-480D-A565-3141C543CC58}.Release|x64.ActiveCfg = Release|x64
		{AD402302-8C4E-480D-A565-3141C543CC58}.Release|x64.Build.0 = Release|x64
		{AD402302-8C4E-480D-A565-3141C543CC58}.Release|x86.ActiveCfg = Release|Win32
		{AD402302-8C4E-480D-A565-3141C543CC58}.Release|x86.Build.0 = Release|Win32
		{21DEE820-B189-4F2E-8FDE-F97F1D18C791}.Debug|x64.ActiveCfg = Debug|x64
		{21DEE820-B189-4F2E-8FDE-F97F1D18C791}.Debug|x64.Build.0 = Debug|x64
		{21DEE820-B189-4F2E-8FDE-F97F1D18C791}.Debug|x86.ActiveCfg = Debug|Win32
		{21DEE820-B189-4F2E-8FDE-F97F1D18C791}.Debug|x86.Build.0 = Debug|Win32
		{21DEE820-B189-4F2E-8FDE-F97F1D18C791}.Release|x64.ActiveCfg = Release|x64
		{21DEE820-B189-4F2E-8FDE-F97F1D18C791}.Release|x64.Build.0 = Release|x64
		{21DEE820-B189-4F2E-8FDE-F97F1D18C791}.Release|x86.ActiveCfg = Release|Win32
		{21DEE820-B189-4F2E-8FDE-F97F1D18C791}.Release|x86.Build.0 = Release|Win32
		{243FCD66-B3C4-453E-B6A0-C4689485F267}.Debug|x64.ActiveCfg = Debug|x64
		{243FCD66-B3C4-453E-B6A0-C4689485F267}.Debug|x64.Build.0 = Debug|x64
		{243FCD66-B3C4-453E-B6A0-C4689485F267}.Debug|x86.ActiveCfg = Debug|Win32
		{243FCD66-B3C4-453E-B6A0-C4689485F267}.Debug|x86.Build.0 = Debug|Win32
		{243FCD66-B3C4-453E-B6A0-C4689485F267}.Release|x64.ActiveCfg = Release|x64
		{243FCD66-B3C4-453E-B6A0-C4689485F267}.Release|x64.Build.0 = Release|x64
		{243FCD66-B3C4-453E-B6A0-C4689485F267}.Release|x86.ActiveCfg = Release|Win32
		{243FCD66-B3C4-453E-B6A0-C4689485F267}.Release|x86.Build.0 = Release|Win32
		{E4FE3E6F-B94B-465B-B83B-0F547656DD32}.Debug|x64.ActiveCfg = Debug|x64
		{E4FE3E6F-B94B-465B-B83B-0F547656DD32}.Debug|x64.Build.0 = Debug|x64
		{E4FE3E6F-B94B-465B-B83B-0F547656DD32}.Debug|x86.ActiveCfg = Debug|Win32
		{E4FE3E6F-B94B-465B-B83B-0F547656DD32}.Debug|x86.Build.0 = Debug|Win32
		{E4FE3E6F-B94B-465B-B83B-0F547656DD32}.Release|x64.ActiveCfg = Release|x64
		{E4FE3E6F-B94B-465B-B83B-0F547656DD32}.Release|x64.Build.0 = Release|x64
		{E4FE3E6F-B94B-465B-B83B-0F547656DD32}.Release|x86.ActiveCfg = Release|Win32
		{E4FE3E6F-B94B-465B-B83B-0F547656DD32}.Release|x86.Build.0 = Release|Win32
		{84DDD277-A698-496B-B704-F6DAE71A8F61}.Debug|x64.ActiveCfg = Debug|x64
		{84DDD277-A698-496B-B704-F6DAE71A8F61}.Debug|x64.Build.0 = Debug|x64
		{84DDD277-A698-496B-B704-F6DAE71A8F61}.Debug|x86.ActiveCfg = Debug|Win32
		{84DDD277-A698-496B-B704-F6DAE71A8F61}.Debug|x86.Build.0 = Debug|Win32
		{84DDD277-A698-496B-B704-F6DAE71A8F61}.Release|x64.ActiveCfg = Release|x64
		{84DDD277-A698-496B-B704-F6DAE71A8F61}.Release|x64.Build.0 = Release|x64
		{84DDD277-A698-496B-B704-F6DAE71A8F61}.Release|x86.ActiveCfg = Release|Win32
		{84DDD277-A698-496B-B704-F6DAE71A8F61}.Release|x86.Build.0 = Release|Win32
		{2DCAB4E9-C737-4B6E-9E65-FB6F01F78E0B}.Debug|x64.ActiveCfg = Debug|x64
		{2DCAB4E9-C737-4B6E-9E65-FB6F01F78E0B}.Debug|x64.Build.0 = Debug|x64
		{2DCAB4E9-C737-4B6E-9E65-FB6F01F78E0B}.Debug|x86.ActiveCfg = Debug|Win32
		{2DCAB4E9-C737-4B6E-9E65-FB6F01F78E0B}.Debug|x86.Build.0 = Debug|Win32
		{2DCAB4E9-C737-4B6E-9E65-FB6F01F78E0B}.Release|x64.ActiveCfg = Release|x64
		{2DCAB4E9-C737-4B6E-9E65-FB6F01F78E0B}.Release|x64.Build.0 = Release|x64
		{2DCAB4E9-C737-4B6E-9E65-FB6F01F78E0B}.Release|x86.ActiveCfg = Release|Win32
		{2DCAB4E9-C737-4B6E-9E65-FB6F01F78E0B}.Release|x86.Build.0 = Release|Win32
		{EDDACF81-942A-4572-B247-8895CB91B491}.Debug|x64.ActiveCfg = Debug|x64
		{EDDACF81-942A-4572-B247-8895CB91B491}.Debug|x64.Build.0 = Debug|x64
		{EDDACF81-942A-4572-B247-8895CB91B491}.Debug|x86.ActiveCfg = Debug|Win32
		{EDDACF81-942A-4572-B247-8895CB91B491}.Debug|x86.Build.0 = Debug|Win32
		{EDDACF81-942A-4572-B247-8895CB91B491}.Release|x64.ActiveCfg = Release|x64
		{EDDACF81-942A-4572-B247-8895CB91B491}.Release|x64.Build.0 = Release|x64
		{EDDACF81-942A-4572-B247-8895CB91B491}.Release|x86.ActiveCfg = Release|Win32
		{EDDACF81-942A-4572-B247-8895CB91B491}.Release|x86.Build.0 = Release|Win32
		{707FF316-9B84-4A1A-8E7C-DADDEC7D04F6}.Debug|x64.ActiveCfg = Debug|x64
		{707FF316-9B84-4A1A-8E7C-DADDEC7D04F6}.Debug|x64.Build.0 = Debug|x64
		{707FF316-9B84-4A1A-8E7C-DADDEC7D04F6}.Debug|x86.ActiveCfg = Debug|Win32
		{707FF316-9B84-4A1A-8E7C-DADDEC7D04F6}.Debug|x86.Build.0 = Debug|Win32
		{707FF316-9B84-4A1A-8E7C-DADDEC7D04F6}.Release|x64.ActiveCfg = Release|x64
		{707FF316-9B84-4A1A-8E7C-DADDEC7D04F6}.Release|x64.Build.0 = Release|x64
		{707FF316-9B84-4A1A-8E7C-DADDEC7D04F6}.Release|x86.ActiveCfg = Release|Win32
		{707FF316-9B84-4A1A-8E7C-DADDEC7D04F6}.Release|x86.Build.0 = Release|Win32
	EndGlobalSection
	GlobalSection(SolutionProperties) = preSolution
		HideSolutionNode = FALSE
	EndGlobalSection
	GlobalSection(NestedProjects) = preSolution
		{6B0CAB49-116E-4715-AEC8-B79B62B3554A} = {7AA31BD8-9392-4C99-9281-44357607F78F}
		{3D283F0B-3D02-4353-B77C-CC945B3701C7} = {7AA31BD8-9392-4C99-9281-44357607F78F}
		{A9E37FC0-81D9-4915-8831-2601D08A1DBD} = {7AA31BD8-9392-4C99-9281-44357607F78F}
		{BC6358A1-A98D-485A-9C75-4FFAEF66E156} = {7AA31BD8-9392-4C99-9281-44357607F78F}
		{AD402302-8C4E-480D-A565-3141C543CC58} = {7AA31BD8-9392-4C99-9281-44357607F78F}
		{21DEE820-B189-4F2E-8FDE-F97F1D18C791} = {7AA31BD8-9392-4C99-9281-44357607F78F}
		{243FCD66-B3C4-453E-B6A0-C4689485F267} = {7AA31BD8-9392-4C99-9281-44357607F78F}
		{E4FE3E6F-B94B-465B-B83B-0F547656DD32} = {7AA31BD8-9392-4C99-9281-44357607F78F}
		{84DDD277-A698-496B-B704-F6DAE71A8F61} = {7AA31BD8-9392-4C99-9281-44357607F78F}
		{2DCAB4E9-C737-4B6E-9E65-FB6F01F78E0B} = {7AA31BD8-9392-4C99-9281-44357607F78F}
		{EDDACF81-942A-4572-B247-8895CB91B491} = {7AA31BD8-9392-4C99-9281-44357607F78F}
		{707FF316-9B84-4A1A-8E7C-DADDEC7D04F6} = {7AA31BD8-9392-4C99-9281-44357607F78F}
	EndGlobalSection
	GlobalSection(ExtensibilityGlobals) = postSolution
		SolutionGuid = {DCD1434F-24C1-47D2-8FBE-E9420CD68906}
	EndGlobalSection
EndGlobal
